
Microsoft Visual Studio Solution File, Format Version 12.00
# Visual Studio Version 16
VisualStudioVersion = 16.0.28803.352
MinimumVisualStudioVersion = 10.0.40219.1
Project("{FAE04EC0-301F-11D3-BF4B-00C04F79EFBC}") = "WindowsFormsApp3", "WindowsFormsApp3\WindowsFormsApp3.csproj", "{C68FB7C6-DF61-46C5-8FEC-AE3BC21852F2}"
EndProject
Project("{FAE04EC0-301F-11D3-BF4B-00C04F79EFBC}") = "Maksocode", "..\Maksocode\Maksocode\Maksocode.csproj", "{CE35A7C1-79DC-4640-AC9C-BA01E9C60F0C}"
EndProject
Global
	GlobalSection(SolutionConfigurationPlatforms) = preSolution
		Debug|Any CPU = Debug|Any CPU
		Release|Any CPU = Release|Any CPU
	EndGlobalSection
	GlobalSection(ProjectConfigurationPlatforms) = postSolution
		{C68FB7C6-DF61-46C5-8FEC-AE3BC21852F2}.Debug|Any CPU.ActiveCfg = Debug|Any CPU
		{C68FB7C6-DF61-46C5-8FEC-AE3BC21852F2}.Debug|Any CPU.Build.0 = Debug|Any CPU
		{C68FB7C6-DF61-46C5-8FEC-AE3BC21852F2}.Release|Any CPU.ActiveCfg = Release|Any CPU
		{C68FB7C6-DF61-46C5-8FEC-AE3BC21852F2}.Release|Any CPU.Build.0 = Release|Any CPU
		{CE35A7C1-79DC-4640-AC9C-BA01E9C60F0C}.Debug|Any CPU.ActiveCfg = Debug|Any CPU
		{CE35A7C1-79DC-4640-AC9C-BA01E9C60F0C}.Debug|Any CPU.Build.0 = Debug|Any CPU
		{CE35A7C1-79DC-4640-AC9C-BA01E9C60F0C}.Release|Any CPU.ActiveCfg = Release|Any CPU
		{CE35A7C1-79DC-4640-AC9C-BA01E9C60F0C}.Release|Any CPU.Build.0 = Release|Any CPU
	EndGlobalSection
	GlobalSection(SolutionProperties) = preSolution
		HideSolutionNode = FALSE
	EndGlobalSection
	GlobalSection(ExtensibilityGlobals) = postSolution
		SolutionGuid = {1CB5766A-2D66-4FB4-A9C2-E3AFF0BE913F}
	EndGlobalSection
EndGlobal
